// !$*UTF8*$!
{
	archiveVersion = 1;
	classes = {
	};
	objectVersion = 46;
	objects = {

/* Begin PBXBuildFile section */
		C85C5EBE1A6C29C900BE67BE /* AppDelegate.swift in Sources */ = {isa = PBXBuildFile; fileRef = C85C5EBD1A6C29C900BE67BE /* AppDelegate.swift */; };
		C85C5EC01A6C29C900BE67BE /* ViewController.swift in Sources */ = {isa = PBXBuildFile; fileRef = C85C5EBF1A6C29C900BE67BE /* ViewController.swift */; };
		C85C5EC31A6C29C900BE67BE /* Main.storyboard in Resources */ = {isa = PBXBuildFile; fileRef = C85C5EC11A6C29C900BE67BE /* Main.storyboard */; };
		C85C5EC51A6C29C900BE67BE /* Images.xcassets in Resources */ = {isa = PBXBuildFile; fileRef = C85C5EC41A6C29C900BE67BE /* Images.xcassets */; };
		C85C5EC81A6C29C900BE67BE /* LaunchScreen.xib in Resources */ = {isa = PBXBuildFile; fileRef = C85C5EC61A6C29C900BE67BE /* LaunchScreen.xib */; };
		C8B7F2E21BB478C6009C523A /* ChromeActivity.swift in Sources */ = {isa = PBXBuildFile; fileRef = C8B7F2E01BB478C6009C523A /* ChromeActivity.swift */; settings = {ASSET_TAGS = (); }; };
		C8B7F2E31BB478C6009C523A /* SafariActivity.swift in Sources */ = {isa = PBXBuildFile; fileRef = C8B7F2E11BB478C6009C523A /* SafariActivity.swift */; settings = {ASSET_TAGS = (); }; };
/* End PBXBuildFile section */

/* Begin PBXFileReference section */
		C85C5EB81A6C29C900BE67BE /* Testbed.app */ = {isa = PBXFileReference; explicitFileType = wrapper.application; includeInIndex = 0; path = Testbed.app; sourceTree = BUILT_PRODUCTS_DIR; };
		C85C5EBC1A6C29C900BE67BE /* Info.plist */ = {isa = PBXFileReference; lastKnownFileType = text.plist.xml; path = Info.plist; sourceTree = "<group>"; };
		C85C5EBD1A6C29C900BE67BE /* AppDelegate.swift */ = {isa = PBXFileReference; lastKnownFileType = sourcecode.swift; path = AppDelegate.swift; sourceTree = "<group>"; };
		C85C5EBF1A6C29C900BE67BE /* ViewController.swift */ = {isa = PBXFileReference; lastKnownFileType = sourcecode.swift; path = ViewController.swift; sourceTree = "<group>"; };
		C85C5EC21A6C29C900BE67BE /* Base */ = {isa = PBXFileReference; lastKnownFileType = file.storyboard; name = Base; path = Base.lproj/Main.storyboard; sourceTree = "<group>"; };
		C85C5EC41A6C29C900BE67BE /* Images.xcassets */ = {isa = PBXFileReference; lastKnownFileType = folder.assetcatalog; path = Images.xcassets; sourceTree = "<group>"; };
		C85C5EC71A6C29C900BE67BE /* Base */ = {isa = PBXFileReference; lastKnownFileType = file.xib; name = Base; path = Base.lproj/LaunchScreen.xib; sourceTree = "<group>"; };
		C8B7F2E01BB478C6009C523A /* ChromeActivity.swift */ = {isa = PBXFileReference; fileEncoding = 4; lastKnownFileType = sourcecode.swift; path = ChromeActivity.swift; sourceTree = "<group>"; };
		C8B7F2E11BB478C6009C523A /* SafariActivity.swift */ = {isa = PBXFileReference; fileEncoding = 4; lastKnownFileType = sourcecode.swift; path = SafariActivity.swift; sourceTree = "<group>"; };
/* End PBXFileReference section */

/* Begin PBXFrameworksBuildPhase section */
		C85C5EB51A6C29C900BE67BE /* Frameworks */ = {
			isa = PBXFrameworksBuildPhase;
			buildActionMask = 2147483647;
			files = (
			);
			runOnlyForDeploymentPostprocessing = 0;
		};
/* End PBXFrameworksBuildPhase section */

/* Begin PBXGroup section */
		C85C5EAF1A6C29C900BE67BE = {
			isa = PBXGroup;
			children = (
				C85C5EBA1A6C29C900BE67BE /* Testbed */,
				C85C5EB91A6C29C900BE67BE /* Products */,
			);
			sourceTree = "<group>";
		};
		C85C5EB91A6C29C900BE67BE /* Products */ = {
			isa = PBXGroup;
			children = (
				C85C5EB81A6C29C900BE67BE /* Testbed.app */,
			);
			name = Products;
			sourceTree = "<group>";
		};
		C85C5EBA1A6C29C900BE67BE /* Testbed */ = {
			isa = PBXGroup;
			children = (
				C85C5EBD1A6C29C900BE67BE /* AppDelegate.swift */,
				C85C5EBF1A6C29C900BE67BE /* ViewController.swift */,
				C85C5EC11A6C29C900BE67BE /* Main.storyboard */,
				C85C5EC41A6C29C900BE67BE /* Images.xcassets */,
				C85C5EC61A6C29C900BE67BE /* LaunchScreen.xib */,
				C8B7F2E01BB478C6009C523A /* ChromeActivity.swift */,
				C8B7F2E11BB478C6009C523A /* SafariActivity.swift */,
				C85C5EBB1A6C29C900BE67BE /* Supporting Files */,
			);
			path = Testbed;
			sourceTree = "<group>";
		};
		C85C5EBB1A6C29C900BE67BE /* Supporting Files */ = {
			isa = PBXGroup;
			children = (
				C85C5EBC1A6C29C900BE67BE /* Info.plist */,
			);
			name = "Supporting Files";
			sourceTree = "<group>";
		};
/* End PBXGroup section */

/* Begin PBXNativeTarget section */
		C85C5EB71A6C29C900BE67BE /* Testbed */ = {
			isa = PBXNativeTarget;
			buildConfigurationList = C85C5ED71A6C29C900BE67BE /* Build configuration list for PBXNativeTarget "Testbed" */;
			buildPhases = (
				C85C5EB41A6C29C900BE67BE /* Sources */,
				C85C5EB51A6C29C900BE67BE /* Frameworks */,
				C85C5EB61A6C29C900BE67BE /* Resources */,
			);
			buildRules = (
			);
			dependencies = (
			);
			name = Testbed;
			productName = Testbed;
			productReference = C85C5EB81A6C29C900BE67BE /* Testbed.app */;
			productType = "com.apple.product-type.application";
		};
/* End PBXNativeTarget section */

/* Begin PBXProject section */
		C85C5EB01A6C29C900BE67BE /* Project object */ = {
			isa = PBXProject;
			attributes = {
				LastSwiftMigration = 0700;
				LastSwiftUpdateCheck = 0700;
				LastUpgradeCheck = 0700;
				ORGANIZATIONNAME = "Bill Weinman";
				TargetAttributes = {
					C85C5EB71A6C29C900BE67BE = {
						CreatedOnToolsVersion = 6.1.1;
					};
				};
			};
			buildConfigurationList = C85C5EB31A6C29C900BE67BE /* Build configuration list for PBXProject "Testbed" */;
			compatibilityVersion = "Xcode 3.2";
			developmentRegion = English;
			hasScannedForEncodings = 0;
			knownRegions = (
				en,
				Base,
			);
			mainGroup = C85C5EAF1A6C29C900BE67BE;
			productRefGroup = C85C5EB91A6C29C900BE67BE /* Products */;
			projectDirPath = "";
			projectRoot = "";
			targets = (
				C85C5EB71A6C29C900BE67BE /* Testbed */,
			);
		};
/* End PBXProject section */

/* Begin PBXResourcesBuildPhase section */
		C85C5EB61A6C29C900BE67BE /* Resources */ = {
			isa = PBXResourcesBuildPhase;
			buildActionMask = 2147483647;
			files = (
				C85C5EC31A6C29C900BE67BE /* Main.storyboard in Resources */,
				C85C5EC81A6C29C900BE67BE /* LaunchScreen.xib in Resources */,
				C85C5EC51A6C29C900BE67BE /* Images.xcassets in Resources */,
			);
			runOnlyForDeploymentPostprocessing = 0;
		};
/* End PBXResourcesBuildPhase section */

/* Begin PBXSourcesBuildPhase section */
		C85C5EB41A6C29C900BE67BE /* Sources */ = {
			isa = PBXSourcesBuildPhase;
			buildActionMask = 2147483647;
			files = (
				C85C5EC01A6C29C900BE67BE /* ViewController.swift in Sources */,
				C8B7F2E21BB478C6009C523A /* ChromeActivity.swift in Sources */,
				C8B7F2E31BB478C6009C523A /* SafariActivity.swift in Sources */,
				C85C5EBE1A6C29C900BE67BE /* AppDelegate.swift in Sources */,
			);
			runOnlyForDeploymentPostprocessing = 0;
		};
/* End PBXSourcesBuildPhase section */

/* Begin PBXVariantGroup section */
		C85C5EC11A6C29C900BE67BE /* Main.storyboard */ = {
			isa = PBXVariantGroup;
			children = (
				C85C5EC21A6C29C900BE67BE /* Base */,
			);
			name = Main.storyboard;
			sourceTree = "<group>";
		};
		C85C5EC61A6C29C900BE67BE /* LaunchScreen.xib */ = {
			isa = PBXVariantGroup;
			children = (
				C85C5EC71A6C29C900BE67BE /* Base */,
			);
			name = LaunchScreen.xib;
			sourceTree = "<group>";
		};
/* End PBXVariantGroup section */

/* Begin XCBuildConfiguration section */
		C85C5ED51A6C29C900BE67BE /* Debug */ = {
			isa = XCBuildConfiguration;
			buildSettings = {
				ALWAYS_SEARCH_USER_PATHS = NO;
				CLANG_CXX_LANGUAGE_STANDARD = "gnu++0x";
				CLANG_CXX_LIBRARY = "libc++";
				CLANG_ENABLE_MODULES = YES;
				CLANG_ENABLE_OBJC_ARC = YES;
				CLANG_WARN_BOOL_CONVERSION = YES;
				CLANG_WARN_CONSTANT_CONVERSION = YES;
				CLANG_WARN_DIRECT_OBJC_ISA_USAGE = YES_ERROR;
				CLANG_WARN_EMPTY_BODY = YES;
				CLANG_WARN_ENUM_CONVERSION = YES;
				CLANG_WARN_INT_CONVERSION = YES;
				CLANG_WARN_OBJC_ROOT_CLASS = YES_ERROR;
				CLANG_WARN_UNREACHABLE_CODE = YES;
				CLANG_WARN__DUPLICATE_METHOD_MATCH = YES;
				"CODE_SIGN_IDENTITY[sdk=iphoneos*]" = "iPhone Developer";
				COPY_PHASE_STRIP = NO;
				ENABLE_STRICT_OBJC_MSGSEND = YES;
				ENABLE_TESTABILITY = YES;
				GCC_C_LANGUAGE_STANDARD = gnu99;
				GCC_DYNAMIC_NO_PIC = NO;
				GCC_OPTIMIZATION_LEVEL = 0;
				GCC_PREPROCESSOR_DEFINITIONS = (
					"DEBUG=1",
					"$(inherited)",
				);
				GCC_SYMBOLS_PRIVATE_EXTERN = NO;
				GCC_WARN_64_TO_32_BIT_CONVERSION = YES;
				GCC_WARN_ABOUT_RETURN_TYPE = YES_ERROR;
				GCC_WARN_UNDECLARED_SELECTOR = YES;
				GCC_WARN_UNINITIALIZED_AUTOS = YES_AGGRESSIVE;
				GCC_WARN_UNUSED_FUNCTION = YES;
				GCC_WARN_UNUSED_VARIABLE = YES;
				IPHONEOS_DEPLOYMENT_TARGET = 8.1;
				MTL_ENABLE_DEBUG_INFO = YES;
				ONLY_ACTIVE_ARCH = YES;
				SDKROOT = iphoneos;
				SWIFT_OPTIMIZATION_LEVEL = "-Onone";
			};
			name = Debug;
		};
		C85C5ED61A6C29C900BE67BE /* Release */ = {
			isa = XCBuildConfiguration;
			buildSettings = {
				ALWAYS_SEARCH_USER_PATHS = NO;
				CLANG_CXX_LANGUAGE_STANDARD = "gnu++0x";
				CLANG_CXX_LIBRARY = "libc++";
				CLANG_ENABLE_MODULES = YES;
				CLANG_ENABLE_OBJC_ARC = YES;
				CLANG_WARN_BOOL_CONVERSION = YES;
				CLANG_WARN_CONSTANT_CONVERSION = YES;
				CLANG_WARN_DIRECT_OBJC_ISA_USAGE = YES_ERROR;
				CLANG_WARN_EMPTY_BODY = YES;
				CLANG_WARN_ENUM_CONVERSION = YES;
				CLANG_WARN_INT_CONVERSION = YES;
				CLANG_WARN_OBJC_ROOT_CLASS = YES_ERROR;
				CLANG_WARN_UNREACHABLE_CODE = YES;
				CLANG_WARN__DUPLICATE_METHOD_MATCH = YES;
				"CODE_SIGN_IDENTITY[sdk=iphoneos*]" = "iPhone Developer";
				COPY_PHASE_STRIP = YES;
				ENABLE_NS_ASSERTIONS = NO;
				ENABLE_STRICT_OBJC_MSGSEND = YES;
				GCC_C_LANGUAGE_STANDARD = gnu99;
				GCC_WARN_64_TO_32_BIT_CONVERSION = YES;
				GCC_WARN_ABOUT_RETURN_TYPE = YES_ERROR;
				GCC_WARN_UNDECLARED_SELECTOR = YES;
				GCC_WARN_UNINITIALIZED_AUTOS = YES_AGGRESSIVE;
				GCC_WARN_UNUSED_FUNCTION = YES;
				GCC_WARN_UNUSED_VARIABLE = YES;
				IPHONEOS_DEPLOYMENT_TARGET = 8.1;
				MTL_ENABLE_DEBUG_INFO = NO;
				SDKROOT = iphoneos;
				VALIDATE_PRODUCT = YES;
			};
			name = Release;
		};
		C85C5ED81A6C29C900BE67BE /* Debug */ = {
			isa = XCBuildConfiguration;
			buildSettings = {
				ASSETCATALOG_COMPILER_APPICON_NAME = AppIcon;
				INFOPLIST_FILE = Testbed/Info.plist;
				LD_RUNPATH_SEARCH_PATHS = "$(inherited) @executable_path/Frameworks";
				PRODUCT_BUNDLE_IDENTIFIER = com.example.ShareURL;
				PRODUCT_NAME = "$(TARGET_NAME)";
			};
			name = Debug;
		};
		C85C5ED91A6C29C900BE67BE /* Release */ = {
			isa = XCBuildConfiguration;
			buildSettings = {
				ASSETCATALOG_COMPILER_APPICON_NAME = AppIcon;
				INFOPLIST_FILE = Testbed/Info.plist;
				LD_RUNPATH_SEARCH_PATHS = "$(inherited) @executable_path/Frameworks";
				PRODUCT_BUNDLE_IDENTIFIER = com.example.ShareURL;
				PRODUCT_NAME = "$(TARGET_NAME)";
			};
			name = Release;
		};
/* End XCBuildConfiguration section */

/* Begin XCConfigurationList section */
		C85C5EB31A6C29C900BE67BE /* Build configuration list for PBXProject "Testbed" */ = {
			isa = XCConfigurationList;
			buildConfigurations = (
				C85C5ED51A6C29C900BE67BE /* Debug */,
				C85C5ED61A6C29C900BE67BE /* Release */,
			);
			defaultConfigurationIsVisible = 0;
			defaultConfigurationName = Release;
		};
		C85C5ED71A6C29C900BE67BE /* Build configuration list for PBXNativeTarget "Testbed" */ = {
			isa = XCConfigurationList;
			buildConfigurations = (
				C85C5ED81A6C29C900BE67BE /* Debug */,
				C85C5ED91A6C29C900BE67BE /* Release */,
			);
			defaultConfigurationIsVisible = 0;
			defaultConfigurationName = Release;
		};
/* End XCConfigurationList section */
	};
	rootObject = C85C5EB01A6C29C900BE67BE /* Project object */;
}
